
Microsoft Visual Studio Solution File, Format Version 12.00
# Visual Studio Version 16
VisualStudioVersion = 16.0.31727.386
MinimumVisualStudioVersion = 10.0.40219.1
Project("{FAE04EC0-301F-11D3-BF4B-00C04F79EFBC}") = "yzech2.1", "yzech2.1.csproj", "{DC87A109-D6D4-48ED-BB3D-614180CEB63D}"
EndProject
Global
	GlobalSection(SolutionConfigurationPlatforms) = preSolution
		Debug|Any CPU = Debug|Any CPU
		Release|Any CPU = Release|Any CPU
	EndGlobalSection
	GlobalSection(ProjectConfigurationPlatforms) = postSolution
		{DC87A109-D6D4-48ED-BB3D-614180CEB63D}.Debug|Any CPU.ActiveCfg = Debug|Any CPU
		{DC87A109-D6D4-48ED-BB3D-614180CEB63D}.Debug|Any CPU.Build.0 = Debug|Any CPU
		{DC87A109-D6D4-48ED-BB3D-614180CEB63D}.Release|Any CPU.ActiveCfg = Release|Any CPU
		{DC87A109-D6D4-48ED-BB3D-614180CEB63D}.Release|Any CPU.Build.0 = Release|Any CPU
	EndGlobalSection
	GlobalSection(SolutionProperties) = preSolution
		HideSolutionNode = FALSE
	EndGlobalSection
	GlobalSection(ExtensibilityGlobals) = postSolution
		SolutionGuid = {037A716E-B81F-41C2-A914-41689D88FF8D}
	EndGlobalSection
EndGlobal
